
Microsoft Visual Studio Solution File, Format Version 12.00
# Visual Studio 15
VisualStudioVersion = 15.0.27130.2036
MinimumVisualStudioVersion = 10.0.40219.1
Project("{FAE04EC0-301F-11D3-BF4B-00C04F79EFBC}") = "RedirectHTTPHandlerDemo-2.0", "RedirectHTTPHandlerDemo-2.0\RedirectHTTPHandlerDemo-2.0.csproj", "{61311681-4D6B-4327-80A2-A7328CE5734E}"
EndProject
Global
	GlobalSection(SolutionConfigurationPlatforms) = preSolution
		Debug|Any CPU = Debug|Any CPU
		Release|Any CPU = Release|Any CPU
	EndGlobalSection
	GlobalSection(ProjectConfigurationPlatforms) = postSolution
		{61311681-4D6B-4327-80A2-A7328CE5734E}.Debug|Any CPU.ActiveCfg = Debug|Any CPU
		{61311681-4D6B-4327-80A2-A7328CE5734E}.Debug|Any CPU.Build.0 = Debug|Any CPU
		{61311681-4D6B-4327-80A2-A7328CE5734E}.Release|Any CPU.ActiveCfg = Release|Any CPU
		{61311681-4D6B-4327-80A2-A7328CE5734E}.Release|Any CPU.Build.0 = Release|Any CPU
	EndGlobalSection
	GlobalSection(SolutionProperties) = preSolution
		HideSolutionNode = FALSE
	EndGlobalSection
	GlobalSection(ExtensibilityGlobals) = postSolution
		SolutionGuid = {038358DD-9863-480C-A937-8E38C865FBEE}
	EndGlobalSection
EndGlobal
